
Microsoft Visual Studio Solution File, Format Version 12.00
# Visual Studio Version 17
VisualStudioVersion = 17.4.33110.190
MinimumVisualStudioVersion = 10.0.40219.1
Project("{FAE04EC0-301F-11D3-BF4B-00C04F79EFBC}") = "ELJ-PageSetupImport", "ELJ-PageSetupImport.csproj", "{7D1044AB-B1EF-4CCC-B441-023BA4F3A697}"
EndProject
Global
	GlobalSection(SolutionConfigurationPlatforms) = preSolution
		Debug|Any CPU = Debug|Any CPU
		Release|Any CPU = Release|Any CPU
	EndGlobalSection
	GlobalSection(ProjectConfigurationPlatforms) = postSolution
		{7D1044AB-B1EF-4CCC-B441-023BA4F3A697}.Debug|Any CPU.ActiveCfg = Debug|Any CPU
		{7D1044AB-B1EF-4CCC-B441-023BA4F3A697}.Debug|Any CPU.Build.0 = Debug|Any CPU
		{7D1044AB-B1EF-4CCC-B441-023BA4F3A697}.Release|Any CPU.ActiveCfg = Release|Any CPU
		{7D1044AB-B1EF-4CCC-B441-023BA4F3A697}.Release|Any CPU.Build.0 = Release|Any CPU
	EndGlobalSection
	GlobalSection(SolutionProperties) = preSolution
		HideSolutionNode = FALSE
	EndGlobalSection
	GlobalSection(ExtensibilityGlobals) = postSolution
		SolutionGuid = {D47E2DE8-CDBD-4625-B27B-818AFF1D32B0}
	EndGlobalSection
EndGlobal
